<Solution>
  <Folder Name="/samples/">
    <Project Path="samples/Ch01_HelloWorldRag/Ch01_HelloWorldRag.csproj" />
    <Project Path="samples/Ch02_SkToMafMigration/Ch02_SkToMafMigration.csproj" />
    <Project Path="samples/Ch03_EmbeddingBenchmarks/Ch03_EmbeddingBenchmarks.csproj" />
    <Project Path="samples/Ch04_ChunkingPlayground/Ch04_ChunkingPlayground.csproj" />
    <Project Path="samples/Ch09_RerankingEval/Ch09_RerankingEval.csproj" />
    <Project Path="samples/Ch14_AzureAiSearchAgent/Ch14_AzureAiSearchAgent.csproj" />
    <Project Path="samples/Ch15_ChatMessageInjector/Ch15_ChatMessageInjector.csproj" />
    <Project Path="samples/Ch20_GroundTruthEval/Ch20_GroundTruthEval.csproj" />
    <Project Path="samples/Ch25_VerticalSliceVariant/Ch25_VerticalSliceVariant.csproj" />
    <Project Path="samples/Ch06_VectorDbComparison/Ch06_VectorDbComparison.csproj" />
    <Project Path="samples/Ch07_IndexingStrategies/Ch07_IndexingStrategies.csproj" />
    <Project Path="samples/Ch08_RetrieverEval/Ch08_RetrieverEval.csproj" />
    <Project Path="samples/Ch16_VectorlessRetrieval/Ch16_VectorlessRetrieval.csproj" />
    <Project Path="samples/Ch17_LazyGraphRagDemo/Ch17_LazyGraphRagDemo.csproj" />
    <Project Path="samples/Ch18_McpServer/Ch18_McpServer.csproj" />
    <Project Path="samples/Ch18_McpHttpServer/Ch18_McpHttpServer.csproj" />
    <Project Path="samples/Ch19_MultiAgentOrchestration/Ch19_MultiAgentOrchestration.csproj" />
    <Project Path="samples/Ch22_DriftAdapterMigration/Ch22_DriftAdapterMigration.csproj" />
    <Project Path="samples/Ch24_TrustByDesign/Ch24_TrustByDesign.csproj" />
  </Folder>
  <Folder Name="/src/">
    <Project Path="src/SmartDocs.Agents/SmartDocs.Agents.csproj" />
    <Project Path="src/SmartDocs.Api/SmartDocs.Api.csproj" />
    <Project Path="src/SmartDocs.Core/SmartDocs.Core.csproj" />
    <Project Path="src/SmartDocs.Dashboard/SmartDocs.Dashboard.csproj" />
    <Project Path="src/SmartDocs.Evaluation/SmartDocs.Evaluation.csproj" />
    <Project Path="src/SmartDocs.Generation/SmartDocs.Generation.csproj" />
    <Project Path="src/SmartDocs.Ingestion/SmartDocs.Ingestion.csproj" />
    <Project Path="src/SmartDocs.Mcp/SmartDocs.Mcp.csproj" />
    <Project Path="src/SmartDocs.Operations/SmartDocs.Operations.csproj" />
    <Project Path="src/SmartDocs.Performance/SmartDocs.Performance.csproj" />
    <Project Path="src/SmartDocs.Reranking.Onnx/SmartDocs.Reranking.Onnx.csproj" />
    <Project Path="src/SmartDocs.Reranking/SmartDocs.Reranking.csproj" />
    <Project Path="src/SmartDocs.Retrieval/SmartDocs.Retrieval.csproj" />
    <Project Path="src/SmartDocs.Routing/SmartDocs.Routing.csproj" />
    <Project Path="src/SmartDocs.Security/SmartDocs.Security.csproj" />
  </Folder>
  <Folder Name="/tests/">
    <Project Path="tests/SmartDocs.EvalTests/SmartDocs.EvalTests.csproj" />
    <Project Path="tests/SmartDocs.IntegrationTests/SmartDocs.IntegrationTests.csproj" />
    <Project Path="tests/SmartDocs.SecurityTests/SmartDocs.SecurityTests.csproj" />
    <Project Path="tests/SmartDocs.UnitTests/SmartDocs.UnitTests.csproj" />
  </Folder>
  <Folder Name="/tools/" />
  <Folder Name="/tools/generate-dataset/">
    <Project Path="tools/generate-dataset/GenerateDataset.csproj" />
  </Folder>
</Solution>
